// !$*UTF8*$!
{
	archiveVersion = 1;
	classes = {
	};
	objectVersion = 56;
	objects = {

/* Begin PBXBuildFile section */
		D5F7949C2BFE7BAC00E19BB7 /* HolaMundoAppApp.swift in Sources */ = {isa = PBXBuildFile; fileRef = D5F7949B2BFE7BAC00E19BB7 /* HolaMundoAppApp.swift */; };
		D5F7949E2BFE7BAC00E19BB7 /* ContentView.swift in Sources */ = {isa = PBXBuildFile; fileRef = D5F7949D2BFE7BAC00E19BB7 /* ContentView.swift */; };
		D5F794A02BFE7BAE00E19BB7 /* Assets.xcassets in Resources */ = {isa = PBXBuildFile; fileRef = D5F7949F2BFE7BAE00E19BB7 /* Assets.xcassets */; };
		D5F794A32BFE7BAE00E19BB7 /* Preview Assets.xcassets in Resources */ = {isa = PBXBuildFile; fileRef = D5F794A22BFE7BAE00E19BB7 /* Preview Assets.xcassets */; };
		D5F794AD2BFE7BAE00E19BB7 /* HolaMundoAppTests.swift in Sources */ = {isa = PBXBuildFile; fileRef = D5F794AC2BFE7BAE00E19BB7 /* HolaMundoAppTests.swift */; };
		D5F794B72BFE7BAE00E19BB7 /* HolaMundoAppUITests.swift in Sources */ = {isa = PBXBuildFile; fileRef = D5F794B62BFE7BAE00E19BB7 /* HolaMundoAppUITests.swift */; };
		D5F794B92BFE7BAE00E19BB7 /* HolaMundoAppUITestsLaunchTests.swift in Sources */ = {isa = PBXBuildFile; fileRef = D5F794B82BFE7BAE00E19BB7 /* HolaMundoAppUITestsLaunchTests.swift */; };
/* End PBXBuildFile section */

/* Begin PBXContainerItemProxy section */
		D5F794A92BFE7BAE00E19BB7 /* PBXContainerItemProxy */ = {
			isa = PBXContainerItemProxy;
			containerPortal = D5F794902BFE7BAC00E19BB7 /* Project object */;
			proxyType = 1;
			remoteGlobalIDString = D5F794972BFE7BAC00E19BB7;
			remoteInfo = HolaMundoApp;
		};
		D5F794B32BFE7BAE00E19BB7 /* PBXContainerItemProxy */ = {
			isa = PBXContainerItemProxy;
			containerPortal = D5F794902BFE7BAC00E19BB7 /* Project object */;
			proxyType = 1;
			remoteGlobalIDString = D5F794972BFE7BAC00E19BB7;
			remoteInfo = HolaMundoApp;
		};
/* End PBXContainerItemProxy section */

/* Begin PBXFileReference section */
		D5F794982BFE7BAC00E19BB7 /* HolaMundoApp.app */ = {isa = PBXFileReference; explicitFileType = wrapper.application; includeInIndex = 0; path = HolaMundoApp.app; sourceTree = BUILT_PRODUCTS_DIR; };
		D5F7949B2BFE7BAC00E19BB7 /* HolaMundoAppApp.swift */ = {isa = PBXFileReference; lastKnownFileType = sourcecode.swift; path = HolaMundoAppApp.swift; sourceTree = "<group>"; };
		D5F7949D2BFE7BAC00E19BB7 /* ContentView.swift */ = {isa = PBXFileReference; lastKnownFileType = sourcecode.swift; path = ContentView.swift; sourceTree = "<group>"; };
		D5F7949F2BFE7BAE00E19BB7 /* Assets.xcassets */ = {isa = PBXFileReference; lastKnownFileType = folder.assetcatalog; path = Assets.xcassets; sourceTree = "<group>"; };
		D5F794A22BFE7BAE00E19BB7 /* Preview Assets.xcassets */ = {isa = PBXFileReference; lastKnownFileType = folder.assetcatalog; path = "Preview Assets.xcassets"; sourceTree = "<group>"; };
		D5F794A82BFE7BAE00E19BB7 /* HolaMundoAppTests.xctest */ = {isa = PBXFileReference; explicitFileType = wrapper.cfbundle; includeInIndex = 0; path = HolaMundoAppTests.xctest; sourceTree = BUILT_PRODUCTS_DIR; };
		D5F794AC2BFE7BAE00E19BB7 /* HolaMundoAppTests.swift */ = {isa = PBXFileReference; lastKnownFileType = sourcecode.swift; path = HolaMundoAppTests.swift; sourceTree = "<group>"; };
		D5F794B22BFE7BAE00E19BB7 /* HolaMundoAppUITests.xctest */ = {isa = PBXFileReference; explicitFileType = wrapper.cfbundle; includeInIndex = 0; path = HolaMundoAppUITests.xctest; sourceTree = BUILT_PRODUCTS_DIR; };
		D5F794B62BFE7BAE00E19BB7 /* HolaMundoAppUITests.swift */ = {isa = PBXFileReference; lastKnownFileType = sourcecode.swift; path = HolaMundoAppUITests.swift; sourceTree = "<group>"; };
		D5F794B82BFE7BAE00E19BB7 /* HolaMundoAppUITestsLaunchTests.swift */ = {isa = PBXFileReference; lastKnownFileType = sourcecode.swift; path = HolaMundoAppUITestsLaunchTests.swift; sourceTree = "<group>"; };
/* End PBXFileReference section */

/* Begin PBXFrameworksBuildPhase section */
		D5F794952BFE7BAC00E19BB7 /* Frameworks */ = {
			isa = PBXFrameworksBuildPhase;
			buildActionMask = 2147483647;
			files = (
			);
			runOnlyForDeploymentPostprocessing = 0;
		};
		D5F794A52BFE7BAE00E19BB7 /* Frameworks */ = {
			isa = PBXFrameworksBuildPhase;
			buildActionMask = 2147483647;
			files = (
			);
			runOnlyForDeploymentPostprocessing = 0;
		};
		D5F794AF2BFE7BAE00E19BB7 /* Frameworks */ = {
			isa = PBXFrameworksBuildPhase;
			buildActionMask = 2147483647;
			files = (
			);
			runOnlyForDeploymentPostprocessing = 0;
		};
/* End PBXFrameworksBuildPhase section */

/* Begin PBXGroup section */
		D5F7948F2BFE7BAC00E19BB7 = {
			isa = PBXGroup;
			children = (
				D5F7949A2BFE7BAC00E19BB7 /* HolaMundoApp */,
				D5F794AB2BFE7BAE00E19BB7 /* HolaMundoAppTests */,
				D5F794B52BFE7BAE00E19BB7 /* HolaMundoAppUITests */,
				D5F794992BFE7BAC00E19BB7 /* Products */,
			);
			sourceTree = "<group>";
		};
		D5F794992BFE7BAC00E19BB7 /* Products */ = {
			isa = PBXGroup;
			children = (
				D5F794982BFE7BAC00E19BB7 /* HolaMundoApp.app */,
				D5F794A82BFE7BAE00E19BB7 /* HolaMundoAppTests.xctest */,
				D5F794B22BFE7BAE00E19BB7 /* HolaMundoAppUITests.xctest */,
			);
			name = Products;
			sourceTree = "<group>";
		};
		D5F7949A2BFE7BAC00E19BB7 /* HolaMundoApp */ = {
			isa = PBXGroup;
			children = (
				D5F7949B2BFE7BAC00E19BB7 /* HolaMundoAppApp.swift */,
				D5F7949D2BFE7BAC00E19BB7 /* ContentView.swift */,
				D5F7949F2BFE7BAE00E19BB7 /* Assets.xcassets */,
				D5F794A12BFE7BAE00E19BB7 /* Preview Content */,
			);
			path = HolaMundoApp;
			sourceTree = "<group>";
		};
		D5F794A12BFE7BAE00E19BB7 /* Preview Content */ = {
			isa = PBXGroup;
			children = (
				D5F794A22BFE7BAE00E19BB7 /* Preview Assets.xcassets */,
			);
			path = "Preview Content";
			sourceTree = "<group>";
		};
		D5F794AB2BFE7BAE00E19BB7 /* HolaMundoAppTests */ = {
			isa = PBXGroup;
			children = (
				D5F794AC2BFE7BAE00E19BB7 /* HolaMundoAppTests.swift */,
			);
			path = HolaMundoAppTests;
			sourceTree = "<group>";
		};
		D5F794B52BFE7BAE00E19BB7 /* HolaMundoAppUITests */ = {
			isa = PBXGroup;
			children = (
				D5F794B62BFE7BAE00E19BB7 /* HolaMundoAppUITests.swift */,
				D5F794B82BFE7BAE00E19BB7 /* HolaMundoAppUITestsLaunchTests.swift */,
			);
			path = HolaMundoAppUITests;
			sourceTree = "<group>";
		};
/* End PBXGroup section */

/* Begin PBXNativeTarget section */
		D5F794972BFE7BAC00E19BB7 /* HolaMundoApp */ = {
			isa = PBXNativeTarget;
			buildConfigurationList = D5F794BC2BFE7BAE00E19BB7 /* Build configuration list for PBXNativeTarget "HolaMundoApp" */;
			buildPhases = (
				D5F794942BFE7BAC00E19BB7 /* Sources */,
				D5F794952BFE7BAC00E19BB7 /* Frameworks */,
				D5F794962BFE7BAC00E19BB7 /* Resources */,
			);
			buildRules = (
			);
			dependencies = (
			);
			name = HolaMundoApp;
			productName = HolaMundoApp;
			productReference = D5F794982BFE7BAC00E19BB7 /* HolaMundoApp.app */;
			productType = "com.apple.product-type.application";
		};
		D5F794A72BFE7BAE00E19BB7 /* HolaMundoAppTests */ = {
			isa = PBXNativeTarget;
			buildConfigurationList = D5F794BF2BFE7BAE00E19BB7 /* Build configuration list for PBXNativeTarget "HolaMundoAppTests" */;
			buildPhases = (
				D5F794A42BFE7BAE00E19BB7 /* Sources */,
				D5F794A52BFE7BAE00E19BB7 /* Frameworks */,
				D5F794A62BFE7BAE00E19BB7 /* Resources */,
			);
			buildRules = (
			);
			dependencies = (
				D5F794AA2BFE7BAE00E19BB7 /* PBXTargetDependency */,
			);
			name = HolaMundoAppTests;
			productName = HolaMundoAppTests;
			productReference = D5F794A82BFE7BAE00E19BB7 /* HolaMundoAppTests.xctest */;
			productType = "com.apple.product-type.bundle.unit-test";
		};
		D5F794B12BFE7BAE00E19BB7 /* HolaMundoAppUITests */ = {
			isa = PBXNativeTarget;
			buildConfigurationList = D5F794C22BFE7BAE00E19BB7 /* Build configuration list for PBXNativeTarget "HolaMundoAppUITests" */;
			buildPhases = (
				D5F794AE2BFE7BAE00E19BB7 /* Sources */,
				D5F794AF2BFE7BAE00E19BB7 /* Frameworks */,
				D5F794B02BFE7BAE00E19BB7 /* Resources */,
			);
			buildRules = (
			);
			dependencies = (
				D5F794B42BFE7BAE00E19BB7 /* PBXTargetDependency */,
			);
			name = HolaMundoAppUITests;
			productName = HolaMundoAppUITests;
			productReference = D5F794B22BFE7BAE00E19BB7 /* HolaMundoAppUITests.xctest */;
			productType = "com.apple.product-type.bundle.ui-testing";
		};
/* End PBXNativeTarget section */

/* Begin PBXProject section */
		D5F794902BFE7BAC00E19BB7 /* Project object */ = {
			isa = PBXProject;
			attributes = {
				BuildIndependentTargetsInParallel = 1;
				LastSwiftUpdateCheck = 1420;
				LastUpgradeCheck = 1420;
				TargetAttributes = {
					D5F794972BFE7BAC00E19BB7 = {
						CreatedOnToolsVersion = 14.2;
					};
					D5F794A72BFE7BAE00E19BB7 = {
						CreatedOnToolsVersion = 14.2;
						TestTargetID = D5F794972BFE7BAC00E19BB7;
					};
					D5F794B12BFE7BAE00E19BB7 = {
						CreatedOnToolsVersion = 14.2;
						TestTargetID = D5F794972BFE7BAC00E19BB7;
					};
				};
			};
			buildConfigurationList = D5F794932BFE7BAC00E19BB7 /* Build configuration list for PBXProject "HolaMundoApp" */;
			compatibilityVersion = "Xcode 14.0";
			developmentRegion = en;
			hasScannedForEncodings = 0;
			knownRegions = (
				en,
				Base,
			);
			mainGroup = D5F7948F2BFE7BAC00E19BB7;
			productRefGroup = D5F794992BFE7BAC00E19BB7 /* Products */;
			projectDirPath = "";
			projectRoot = "";
			targets = (
				D5F794972BFE7BAC00E19BB7 /* HolaMundoApp */,
				D5F794A72BFE7BAE00E19BB7 /* HolaMundoAppTests */,
				D5F794B12BFE7BAE00E19BB7 /* HolaMundoAppUITests */,
			);
		};
/* End PBXProject section */

/* Begin PBXResourcesBuildPhase section */
		D5F794962BFE7BAC00E19BB7 /* Resources */ = {
			isa = PBXResourcesBuildPhase;
			buildActionMask = 2147483647;
			files = (
				D5F794A32BFE7BAE00E19BB7 /* Preview Assets.xcassets in Resources */,
				D5F794A02BFE7BAE00E19BB7 /* Assets.xcassets in Resources */,
			);
			runOnlyForDeploymentPostprocessing = 0;
		};
		D5F794A62BFE7BAE00E19BB7 /* Resources */ = {
			isa = PBXResourcesBuildPhase;
			buildActionMask = 2147483647;
			files = (
			);
			runOnlyForDeploymentPostprocessing = 0;
		};
		D5F794B02BFE7BAE00E19BB7 /* Resources */ = {
			isa = PBXResourcesBuildPhase;
			buildActionMask = 2147483647;
			files = (
			);
			runOnlyForDeploymentPostprocessing = 0;
		};
/* End PBXResourcesBuildPhase section */

/* Begin PBXSourcesBuildPhase section */
		D5F794942BFE7BAC00E19BB7 /* Sources */ = {
			isa = PBXSourcesBuildPhase;
			buildActionMask = 2147483647;
			files = (
				D5F7949E2BFE7BAC00E19BB7 /* ContentView.swift in Sources */,
				D5F7949C2BFE7BAC00E19BB7 /* HolaMundoAppApp.swift in Sources */,
			);
			runOnlyForDeploymentPostprocessing = 0;
		};
		D5F794A42BFE7BAE00E19BB7 /* Sources */ = {
			isa = PBXSourcesBuildPhase;
			buildActionMask = 2147483647;
			files = (
				D5F794AD2BFE7BAE00E19BB7 /* HolaMundoAppTests.swift in Sources */,
			);
			runOnlyForDeploymentPostprocessing = 0;
		};
		D5F794AE2BFE7BAE00E19BB7 /* Sources */ = {
			isa = PBXSourcesBuildPhase;
			buildActionMask = 2147483647;
			files = (
				D5F794B92BFE7BAE00E19BB7 /* HolaMundoAppUITestsLaunchTests.swift in Sources */,
				D5F794B72BFE7BAE00E19BB7 /* HolaMundoAppUITests.swift in Sources */,
			);
			runOnlyForDeploymentPostprocessing = 0;
		};
/* End PBXSourcesBuildPhase section */

/* Begin PBXTargetDependency section */
		D5F794AA2BFE7BAE00E19BB7 /* PBXTargetDependency */ = {
			isa = PBXTargetDependency;
			target = D5F794972BFE7BAC00E19BB7 /* HolaMundoApp */;
			targetProxy = D5F794A92BFE7BAE00E19BB7 /* PBXContainerItemProxy */;
		};
		D5F794B42BFE7BAE00E19BB7 /* PBXTargetDependency */ = {
			isa = PBXTargetDependency;
			target = D5F794972BFE7BAC00E19BB7 /* HolaMundoApp */;
			targetProxy = D5F794B32BFE7BAE00E19BB7 /* PBXContainerItemProxy */;
		};
/* End PBXTargetDependency section */

/* Begin XCBuildConfiguration section */
		D5F794BA2BFE7BAE00E19BB7 /* Debug */ = {
			isa = XCBuildConfiguration;
			buildSettings = {
				ALWAYS_SEARCH_USER_PATHS = NO;
				CLANG_ANALYZER_NONNULL = YES;
				CLANG_ANALYZER_NUMBER_OBJECT_CONVERSION = YES_AGGRESSIVE;
				CLANG_CXX_LANGUAGE_STANDARD = "gnu++20";
				CLANG_ENABLE_MODULES = YES;
				CLANG_ENABLE_OBJC_ARC = YES;
				CLANG_ENABLE_OBJC_WEAK = YES;
				CLANG_WARN_BLOCK_CAPTURE_AUTORELEASING = YES;
				CLANG_WARN_BOOL_CONVERSION = YES;
				CLANG_WARN_COMMA = YES;
				CLANG_WARN_CONSTANT_CONVERSION = YES;
				CLANG_WARN_DEPRECATED_OBJC_IMPLEMENTATIONS = YES;
				CLANG_WARN_DIRECT_OBJC_ISA_USAGE = YES_ERROR;
				CLANG_WARN_DOCUMENTATION_COMMENTS = YES;
				CLANG_WARN_EMPTY_BODY = YES;
				CLANG_WARN_ENUM_CONVERSION = YES;
				CLANG_WARN_INFINITE_RECURSION = YES;
				CLANG_WARN_INT_CONVERSION = YES;
				CLANG_WARN_NON_LITERAL_NULL_CONVERSION = YES;
				CLANG_WARN_OBJC_IMPLICIT_RETAIN_SELF = YES;
				CLANG_WARN_OBJC_LITERAL_CONVERSION = YES;
				CLANG_WARN_OBJC_ROOT_CLASS = YES_ERROR;
				CLANG_WARN_QUOTED_INCLUDE_IN_FRAMEWORK_HEADER = YES;
				CLANG_WARN_RANGE_LOOP_ANALYSIS = YES;
				CLANG_WARN_STRICT_PROTOTYPES = YES;
				CLANG_WARN_SUSPICIOUS_MOVE = YES;
				CLANG_WARN_UNGUARDED_AVAILABILITY = YES_AGGRESSIVE;
				CLANG_WARN_UNREACHABLE_CODE = YES;
				CLANG_WARN__DUPLICATE_METHOD_MATCH = YES;
				COPY_PHASE_STRIP = NO;
				DEBUG_INFORMATION_FORMAT = dwarf;
				ENABLE_STRICT_OBJC_MSGSEND = YES;
				ENABLE_TESTABILITY = YES;
				GCC_C_LANGUAGE_STANDARD = gnu11;
				GCC_DYNAMIC_NO_PIC = NO;
				GCC_NO_COMMON_BLOCKS = YES;
				GCC_OPTIMIZATION_LEVEL = 0;
				GCC_PREPROCESSOR_DEFINITIONS = (
					"DEBUG=1",
					"$(inherited)",
				);
				GCC_WARN_64_TO_32_BIT_CONVERSION = YES;
				GCC_WARN_ABOUT_RETURN_TYPE = YES_ERROR;
				GCC_WARN_UNDECLARED_SELECTOR = YES;
				GCC_WARN_UNINITIALIZED_AUTOS = YES_AGGRESSIVE;
				GCC_WARN_UNUSED_FUNCTION = YES;
				GCC_WARN_UNUSED_VARIABLE = YES;
				IPHONEOS_DEPLOYMENT_TARGET = 16.2;
				MTL_ENABLE_DEBUG_INFO = INCLUDE_SOURCE;
				MTL_FAST_MATH = YES;
				ONLY_ACTIVE_ARCH = YES;
				SDKROOT = iphoneos;
				SWIFT_ACTIVE_COMPILATION_CONDITIONS = DEBUG;
				SWIFT_OPTIMIZATION_LEVEL = "-Onone";
			};
			name = Debug;
		};
		D5F794BB2BFE7BAE00E19BB7 /* Release */ = {
			isa = XCBuildConfiguration;
			buildSettings = {
				ALWAYS_SEARCH_USER_PATHS = NO;
				CLANG_ANALYZER_NONNULL = YES;
				CLANG_ANALYZER_NUMBER_OBJECT_CONVERSION = YES_AGGRESSIVE;
				CLANG_CXX_LANGUAGE_STANDARD = "gnu++20";
				CLANG_ENABLE_MODULES = YES;
				CLANG_ENABLE_OBJC_ARC = YES;
				CLANG_ENABLE_OBJC_WEAK = YES;
				CLANG_WARN_BLOCK_CAPTURE_AUTORELEASING = YES;
				CLANG_WARN_BOOL_CONVERSION = YES;
				CLANG_WARN_COMMA = YES;
				CLANG_WARN_CONSTANT_CONVERSION = YES;
				CLANG_WARN_DEPRECATED_OBJC_IMPLEMENTATIONS = YES;
				CLANG_WARN_DIRECT_OBJC_ISA_USAGE = YES_ERROR;
				CLANG_WARN_DOCUMENTATION_COMMENTS = YES;
				CLANG_WARN_EMPTY_BODY = YES;
				CLANG_WARN_ENUM_CONVERSION = YES;
				CLANG_WARN_INFINITE_RECURSION = YES;
				CLANG_WARN_INT_CONVERSION = YES;
				CLANG_WARN_NON_LITERAL_NULL_CONVERSION = YES;
				CLANG_WARN_OBJC_IMPLICIT_RETAIN_SELF = YES;
				CLANG_WARN_OBJC_LITERAL_CONVERSION = YES;
				CLANG_WARN_OBJC_ROOT_CLASS = YES_ERROR;
				CLANG_WARN_QUOTED_INCLUDE_IN_FRAMEWORK_HEADER = YES;
				CLANG_WARN_RANGE_LOOP_ANALYSIS = YES;
				CLANG_WARN_STRICT_PROTOTYPES = YES;
				CLANG_WARN_SUSPICIOUS_MOVE = YES;
				CLANG_WARN_UNGUARDED_AVAILABILITY = YES_AGGRESSIVE;
				CLANG_WARN_UNREACHABLE_CODE = YES;
				CLANG_WARN__DUPLICATE_METHOD_MATCH = YES;
				COPY_PHASE_STRIP = NO;
				DEBUG_INFORMATION_FORMAT = "dwarf-with-dsym";
				ENABLE_NS_ASSERTIONS = NO;
				ENABLE_STRICT_OBJC_MSGSEND = YES;
				GCC_C_LANGUAGE_STANDARD = gnu11;
				GCC_NO_COMMON_BLOCKS = YES;
				GCC_WARN_64_TO_32_BIT_CONVERSION = YES;
				GCC_WARN_ABOUT_RETURN_TYPE = YES_ERROR;
				GCC_WARN_UNDECLARED_SELECTOR = YES;
				GCC_WARN_UNINITIALIZED_AUTOS = YES_AGGRESSIVE;
				GCC_WARN_UNUSED_FUNCTION = YES;
				GCC_WARN_UNUSED_VARIABLE = YES;
				IPHONEOS_DEPLOYMENT_TARGET = 16.2;
				MTL_ENABLE_DEBUG_INFO = NO;
				MTL_FAST_MATH = YES;
				SDKROOT = iphoneos;
				SWIFT_COMPILATION_MODE = wholemodule;
				SWIFT_OPTIMIZATION_LEVEL = "-O";
				VALIDATE_PRODUCT = YES;
			};
			name = Release;
		};
		D5F794BD2BFE7BAE00E19BB7 /* Debug */ = {
			isa = XCBuildConfiguration;
			buildSettings = {
				ASSETCATALOG_COMPILER_APPICON_NAME = AppIcon;
				ASSETCATALOG_COMPILER_GLOBAL_ACCENT_COLOR_NAME = AccentColor;
				CODE_SIGN_STYLE = Automatic;
				CURRENT_PROJECT_VERSION = 1;
				DEVELOPMENT_ASSET_PATHS = "\"HolaMundoApp/Preview Content\"";
				ENABLE_PREVIEWS = YES;
				GENERATE_INFOPLIST_FILE = YES;
				INFOPLIST_KEY_UIApplicationSceneManifest_Generation = YES;
				INFOPLIST_KEY_UIApplicationSupportsIndirectInputEvents = YES;
				INFOPLIST_KEY_UILaunchScreen_Generation = YES;
				INFOPLIST_KEY_UISupportedInterfaceOrientations_iPad = "UIInterfaceOrientationPortrait UIInterfaceOrientationPortraitUpsideDown UIInterfaceOrientationLandscapeLeft UIInterfaceOrientationLandscapeRight";
				INFOPLIST_KEY_UISupportedInterfaceOrientations_iPhone = "UIInterfaceOrientationPortrait UIInterfaceOrientationLandscapeLeft UIInterfaceOrientationLandscapeRight";
				LD_RUNPATH_SEARCH_PATHS = (
					"$(inherited)",
					"@executable_path/Frameworks",
				);
				MARKETING_VERSION = 1.0;
				PRODUCT_BUNDLE_IDENTIFIER = Briant.HolaMundoApp;
				PRODUCT_NAME = "$(TARGET_NAME)";
				SWIFT_EMIT_LOC_STRINGS = YES;
				SWIFT_VERSION = 5.0;
				TARGETED_DEVICE_FAMILY = "1,2";
			};
			name = Debug;
		};
		D5F794BE2BFE7BAE00E19BB7 /* Release */ = {
			isa = XCBuildConfiguration;
			buildSettings = {
				ASSETCATALOG_COMPILER_APPICON_NAME = AppIcon;
				ASSETCATALOG_COMPILER_GLOBAL_ACCENT_COLOR_NAME = AccentColor;
				CODE_SIGN_STYLE = Automatic;
				CURRENT_PROJECT_VERSION = 1;
				DEVELOPMENT_ASSET_PATHS = "\"HolaMundoApp/Preview Content\"";
				ENABLE_PREVIEWS = YES;
				GENERATE_INFOPLIST_FILE = YES;
				INFOPLIST_KEY_UIApplicationSceneManifest_Generation = YES;
				INFOPLIST_KEY_UIApplicationSupportsIndirectInputEvents = YES;
				INFOPLIST_KEY_UILaunchScreen_Generation = YES;
				INFOPLIST_KEY_UISupportedInterfaceOrientations_iPad = "UIInterfaceOrientationPortrait UIInterfaceOrientationPortraitUpsideDown UIInterfaceOrientationLandscapeLeft UIInterfaceOrientationLandscapeRight";
				INFOPLIST_KEY_UISupportedInterfaceOrientations_iPhone = "UIInterfaceOrientationPortrait UIInterfaceOrientationLandscapeLeft UIInterfaceOrientationLandscapeRight";
				LD_RUNPATH_SEARCH_PATHS = (
					"$(inherited)",
					"@executable_path/Frameworks",
				);
				MARKETING_VERSION = 1.0;
				PRODUCT_BUNDLE_IDENTIFIER = Briant.HolaMundoApp;
				PRODUCT_NAME = "$(TARGET_NAME)";
				SWIFT_EMIT_LOC_STRINGS = YES;
				SWIFT_VERSION = 5.0;
				TARGETED_DEVICE_FAMILY = "1,2";
			};
			name = Release;
		};
		D5F794C02BFE7BAE00E19BB7 /* Debug */ = {
			isa = XCBuildConfiguration;
			buildSettings = {
				ALWAYS_EMBED_SWIFT_STANDARD_LIBRARIES = YES;
				BUNDLE_LOADER = "$(TEST_HOST)";
				CODE_SIGN_STYLE = Automatic;
				CURRENT_PROJECT_VERSION = 1;
				GENERATE_INFOPLIST_FILE = YES;
				IPHONEOS_DEPLOYMENT_TARGET = 16.2;
				MARKETING_VERSION = 1.0;
				PRODUCT_BUNDLE_IDENTIFIER = Briant.HolaMundoAppTests;
				PRODUCT_NAME = "$(TARGET_NAME)";
				SWIFT_EMIT_LOC_STRINGS = NO;
				SWIFT_VERSION = 5.0;
				TARGETED_DEVICE_FAMILY = "1,2";
				TEST_HOST = "$(BUILT_PRODUCTS_DIR)/HolaMundoApp.app/$(BUNDLE_EXECUTABLE_FOLDER_PATH)/HolaMundoApp";
			};
			name = Debug;
		};
		D5F794C12BFE7BAE00E19BB7 /* Release */ = {
			isa = XCBuildConfiguration;
			buildSettings = {
				ALWAYS_EMBED_SWIFT_STANDARD_LIBRARIES = YES;
				BUNDLE_LOADER = "$(TEST_HOST)";
				CODE_SIGN_STYLE = Automatic;
				CURRENT_PROJECT_VERSION = 1;
				GENERATE_INFOPLIST_FILE = YES;
				IPHONEOS_DEPLOYMENT_TARGET = 16.2;
				MARKETING_VERSION = 1.0;
				PRODUCT_BUNDLE_IDENTIFIER = Briant.HolaMundoAppTests;
				PRODUCT_NAME = "$(TARGET_NAME)";
				SWIFT_EMIT_LOC_STRINGS = NO;
				SWIFT_VERSION = 5.0;
				TARGETED_DEVICE_FAMILY = "1,2";
				TEST_HOST = "$(BUILT_PRODUCTS_DIR)/HolaMundoApp.app/$(BUNDLE_EXECUTABLE_FOLDER_PATH)/HolaMundoApp";
			};
			name = Release;
		};
		D5F794C32BFE7BAE00E19BB7 /* Debug */ = {
			isa = XCBuildConfiguration;
			buildSettings = {
				ALWAYS_EMBED_SWIFT_STANDARD_LIBRARIES = YES;
				CODE_SIGN_STYLE = Automatic;
				CURRENT_PROJECT_VERSION = 1;
				GENERATE_INFOPLIST_FILE = YES;
				MARKETING_VERSION = 1.0;
				PRODUCT_BUNDLE_IDENTIFIER = Briant.HolaMundoAppUITests;
				PRODUCT_NAME = "$(TARGET_NAME)";
				SWIFT_EMIT_LOC_STRINGS = NO;
				SWIFT_VERSION = 5.0;
				TARGETED_DEVICE_FAMILY = "1,2";
				TEST_TARGET_NAME = HolaMundoApp;
			};
			name = Debug;
		};
		D5F794C42BFE7BAE00E19BB7 /* Release */ = {
			isa = XCBuildConfiguration;
			buildSettings = {
				ALWAYS_EMBED_SWIFT_STANDARD_LIBRARIES = YES;
				CODE_SIGN_STYLE = Automatic;
				CURRENT_PROJECT_VERSION = 1;
				GENERATE_INFOPLIST_FILE = YES;
				MARKETING_VERSION = 1.0;
				PRODUCT_BUNDLE_IDENTIFIER = Briant.HolaMundoAppUITests;
				PRODUCT_NAME = "$(TARGET_NAME)";
				SWIFT_EMIT_LOC_STRINGS = NO;
				SWIFT_VERSION = 5.0;
				TARGETED_DEVICE_FAMILY = "1,2";
				TEST_TARGET_NAME = HolaMundoApp;
			};
			name = Release;
		};
/* End XCBuildConfiguration section */

/* Begin XCConfigurationList section */
		D5F794932BFE7BAC00E19BB7 /* Build configuration list for PBXProject "HolaMundoApp" */ = {
			isa = XCConfigurationList;
			buildConfigurations = (
				D5F794BA2BFE7BAE00E19BB7 /* Debug */,
				D5F794BB2BFE7BAE00E19BB7 /* Release */,
			);
			defaultConfigurationIsVisible = 0;
			defaultConfigurationName = Release;
		};
		D5F794BC2BFE7BAE00E19BB7 /* Build configuration list for PBXNativeTarget "HolaMundoApp" */ = {
			isa = XCConfigurationList;
			buildConfigurations = (
				D5F794BD2BFE7BAE00E19BB7 /* Debug */,
				D5F794BE2BFE7BAE00E19BB7 /* Release */,
			);
			defaultConfigurationIsVisible = 0;
			defaultConfigurationName = Release;
		};
		D5F794BF2BFE7BAE00E19BB7 /* Build configuration list for PBXNativeTarget "HolaMundoAppTests" */ = {
			isa = XCConfigurationList;
			buildConfigurations = (
				D5F794C02BFE7BAE00E19BB7 /* Debug */,
				D5F794C12BFE7BAE00E19BB7 /* Release */,
			);
			defaultConfigurationIsVisible = 0;
			defaultConfigurationName = Release;
		};
		D5F794C22BFE7BAE00E19BB7 /* Build configuration list for PBXNativeTarget "HolaMundoAppUITests" */ = {
			isa = XCConfigurationList;
			buildConfigurations = (
				D5F794C32BFE7BAE00E19BB7 /* Debug */,
				D5F794C42BFE7BAE00E19BB7 /* Release */,
			);
			defaultConfigurationIsVisible = 0;
			defaultConfigurationName = Release;
		};
/* End XCConfigurationList section */
	};
	rootObject = D5F794902BFE7BAC00E19BB7 /* Project object */;
}
